{
  "name": "github-actions",
  "version": "1.0.0",
  "lockfileVersion": 3,
  "requires": true,
  "packages": {
    "": {
      "name": "github-actions",
      "version": "1.0.0",
      "license": "ISC",
      "dependencies": {
        "libsodium-wrappers": "^0.8.1"
      }
    },
    "node_modules/libsodium": {
      "version": "0.8.1",
      "resolved": "https://registry.npmjs.org/libsodium/-/libsodium-0.8.1.tgz",
      "integrity": "sha512-V70In9cepY7MMoKyEvnrojqgQN5yQM/8i8kGh4n/IC1g3thA5nonK0d84e0fR86tFOeAQsOdaL5ONuR93ru25A==",
      "license": "ISC"
    },
    "node_modules/libsodium-wrappers": {
      "version": "0.8.1",
      "resolved": "https://registry.npmjs.org/libsodium-wrappers/-/libsodium-wrappers-0.8.1.tgz",
      "integrity": "sha512-UOqD9M4HhAhwEo2foIgnUrpqXCj2VKdndZXM3PZ0zGe++9808TzAFSp4o2mOgPM/DNUnUqncR3G0xqiKDoAQXQ==",
      "license": "ISC",
      "dependencies": {
        "libsodium": "^0.8.0"
      }
    }
  }
}
